
Microsoft Visual Studio Solution File, Format Version 12.00
# Visual Studio Version 17
VisualStudioVersion = 17.0.31903.59
MinimumVisualStudioVersion = 10.0.40219.1
Project("{FAE04EC0-301F-11D3-BF4B-00C04F79EFBC}") = "RfpTestStation.Core", "RfpTestStation.Core\RfpTestStation.Core.csproj", "{04BC8632-6F9F-43BB-85A4-236A54519CA7}"
EndProject
Project("{FAE04EC0-301F-11D3-BF4B-00C04F79EFBC}") = "RfpTestStation.Adapters", "RfpTestStation.Adapters\RfpTestStation.Adapters.csproj", "{16D01E58-7E44-45B0-ADE9-F35042DA5D6E}"
EndProject
Project("{FAE04EC0-301F-11D3-BF4B-00C04F79EFBC}") = "RfpTestStation.App", "RfpTestStation.App\RfpTestStation.App.csproj", "{8570FFDB-A2E5-461B-9BE6-CC4C0CBD8E98}"
EndProject
Project("{FAE04EC0-301F-11D3-BF4B-00C04F79EFBC}") = "RfpTestStation.Tests", "RfpTestStation.Tests\RfpTestStation.Tests.csproj", "{7FA6E7E7-2B75-489A-8B99-09AF06F3BA9A}"
EndProject
Global
	GlobalSection(SolutionConfigurationPlatforms) = preSolution
		Debug|Any CPU = Debug|Any CPU
		Debug|x64 = Debug|x64
		Debug|x86 = Debug|x86
		Release|Any CPU = Release|Any CPU
		Release|x64 = Release|x64
		Release|x86 = Release|x86
	EndGlobalSection
	GlobalSection(ProjectConfigurationPlatforms) = postSolution
		{04BC8632-6F9F-43BB-85A4-236A54519CA7}.Debug|Any CPU.ActiveCfg = Debug|Any CPU
		{04BC8632-6F9F-43BB-85A4-236A54519CA7}.Debug|Any CPU.Build.0 = Debug|Any CPU
		{04BC8632-6F9F-43BB-85A4-236A54519CA7}.Debug|x64.ActiveCfg = Debug|Any CPU
		{04BC8632-6F9F-43BB-85A4-236A54519CA7}.Debug|x64.Build.0 = Debug|Any CPU
		{04BC8632-6F9F-43BB-85A4-236A54519CA7}.Debug|x86.ActiveCfg = Debug|Any CPU
		{04BC8632-6F9F-43BB-85A4-236A54519CA7}.Debug|x86.Build.0 = Debug|Any CPU
		{04BC8632-6F9F-43BB-85A4-236A54519CA7}.Release|Any CPU.ActiveCfg = Release|Any CPU
		{04BC8632-6F9F-43BB-85A4-236A54519CA7}.Release|Any CPU.Build.0 = Release|Any CPU
		{04BC8632-6F9F-43BB-85A4-236A54519CA7}.Release|x64.ActiveCfg = Release|Any CPU
		{04BC8632-6F9F-43BB-85A4-236A54519CA7}.Release|x64.Build.0 = Release|Any CPU
		{04BC8632-6F9F-43BB-85A4-236A54519CA7}.Release|x86.ActiveCfg = Release|Any CPU
		{04BC8632-6F9F-43BB-85A4-236A54519CA7}.Release|x86.Build.0 = Release|Any CPU
		{16D01E58-7E44-45B0-ADE9-F35042DA5D6E}.Debug|Any CPU.ActiveCfg = Debug|Any CPU
		{16D01E58-7E44-45B0-ADE9-F35042DA5D6E}.Debug|Any CPU.Build.0 = Debug|Any CPU
		{16D01E58-7E44-45B0-ADE9-F35042DA5D6E}.Debug|x64.ActiveCfg = Debug|Any CPU
		{16D01E58-7E44-45B0-ADE9-F35042DA5D6E}.Debug|x64.Build.0 = Debug|Any CPU
		{16D01E58-7E44-45B0-ADE9-F35042DA5D6E}.Debug|x86.ActiveCfg = Debug|Any CPU
		{16D01E58-7E44-45B0-ADE9-F35042DA5D6E}.Debug|x86.Build.0 = Debug|Any CPU
		{16D01E58-7E44-45B0-ADE9-F35042DA5D6E}.Release|Any CPU.ActiveCfg = Release|Any CPU
		{16D01E58-7E44-45B0-ADE9-F35042DA5D6E}.Release|Any CPU.Build.0 = Release|Any CPU
		{16D01E58-7E44-45B0-ADE9-F35042DA5D6E}.Release|x64.ActiveCfg = Release|Any CPU
		{16D01E58-7E44-45B0-ADE9-F35042DA5D6E}.Release|x64.Build.0 = Release|Any CPU
		{16D01E58-7E44-45B0-ADE9-F35042DA5D6E}.Release|x86.ActiveCfg = Release|Any CPU
		{16D01E58-7E44-45B0-ADE9-F35042DA5D6E}.Release|x86.Build.0 = Release|Any CPU
		{8570FFDB-A2E5-461B-9BE6-CC4C0CBD8E98}.Debug|Any CPU.ActiveCfg = Debug|Any CPU
		{8570FFDB-A2E5-461B-9BE6-CC4C0CBD8E98}.Debug|Any CPU.Build.0 = Debug|Any CPU
		{8570FFDB-A2E5-461B-9BE6-CC4C0CBD8E98}.Debug|x64.ActiveCfg = Debug|Any CPU
		{8570FFDB-A2E5-461B-9BE6-CC4C0CBD8E98}.Debug|x64.Build.0 = Debug|Any CPU
		{8570FFDB-A2E5-461B-9BE6-CC4C0CBD8E98}.Debug|x86.ActiveCfg = Debug|Any CPU
		{8570FFDB-A2E5-461B-9BE6-CC4C0CBD8E98}.Debug|x86.Build.0 = Debug|Any CPU
		{8570FFDB-A2E5-461B-9BE6-CC4C0CBD8E98}.Release|Any CPU.ActiveCfg = Release|Any CPU
		{8570FFDB-A2E5-461B-9BE6-CC4C0CBD8E98}.Release|Any CPU.Build.0 = Release|Any CPU
		{8570FFDB-A2E5-461B-9BE6-CC4C0CBD8E98}.Release|x64.ActiveCfg = Release|Any CPU
		{8570FFDB-A2E5-461B-9BE6-CC4C0CBD8E98}.Release|x64.Build.0 = Release|Any CPU
		{8570FFDB-A2E5-461B-9BE6-CC4C0CBD8E98}.Release|x86.ActiveCfg = Release|Any CPU
		{8570FFDB-A2E5-461B-9BE6-CC4C0CBD8E98}.Release|x86.Build.0 = Release|Any CPU
		{7FA6E7E7-2B75-489A-8B99-09AF06F3BA9A}.Debug|Any CPU.ActiveCfg = Debug|Any CPU
		{7FA6E7E7-2B75-489A-8B99-09AF06F3BA9A}.Debug|Any CPU.Build.0 = Debug|Any CPU
		{7FA6E7E7-2B75-489A-8B99-09AF06F3BA9A}.Debug|x64.ActiveCfg = Debug|Any CPU
		{7FA6E7E7-2B75-489A-8B99-09AF06F3BA9A}.Debug|x64.Build.0 = Debug|Any CPU
		{7FA6E7E7-2B75-489A-8B99-09AF06F3BA9A}.Debug|x86.ActiveCfg = Debug|Any CPU
		{7FA6E7E7-2B75-489A-8B99-09AF06F3BA9A}.Debug|x86.Build.0 = Debug|Any CPU
		{7FA6E7E7-2B75-489A-8B99-09AF06F3BA9A}.Release|Any CPU.ActiveCfg = Release|Any CPU
		{7FA6E7E7-2B75-489A-8B99-09AF06F3BA9A}.Release|Any CPU.Build.0 = Release|Any CPU
		{7FA6E7E7-2B75-489A-8B99-09AF06F3BA9A}.Release|x64.ActiveCfg = Release|Any CPU
		{7FA6E7E7-2B75-489A-8B99-09AF06F3BA9A}.Release|x64.Build.0 = Release|Any CPU
		{7FA6E7E7-2B75-489A-8B99-09AF06F3BA9A}.Release|x86.ActiveCfg = Release|Any CPU
		{7FA6E7E7-2B75-489A-8B99-09AF06F3BA9A}.Release|x86.Build.0 = Release|Any CPU
	EndGlobalSection
	GlobalSection(SolutionProperties) = preSolution
		HideSolutionNode = FALSE
	EndGlobalSection
EndGlobal
