Microsoft Visual Studio Solution File, Format Version 12.00
# Visual Studio Version 17
VisualStudioVersion = 17.5.2.0
MinimumVisualStudioVersion = 10.0.40219.1
Project("{FAE04EC0-301F-11D3-BF4B-00C04F79EFBC}") = "ReadConfigLib", "ReadConfigLib\ReadConfigLib.csproj", "{816BE61B-2C40-C01C-D4C7-82656C510558}"
EndProject
Global
	GlobalSection(SolutionConfigurationPlatforms) = preSolution
		Debug|Any CPU = Debug|Any CPU
		Release|Any CPU = Release|Any CPU
	EndGlobalSection
	GlobalSection(ProjectConfigurationPlatforms) = postSolution
		{816BE61B-2C40-C01C-D4C7-82656C510558}.Debug|Any CPU.ActiveCfg = Debug|Any CPU
		{816BE61B-2C40-C01C-D4C7-82656C510558}.Debug|Any CPU.Build.0 = Debug|Any CPU
		{816BE61B-2C40-C01C-D4C7-82656C510558}.Release|Any CPU.ActiveCfg = Release|Any CPU
		{816BE61B-2C40-C01C-D4C7-82656C510558}.Release|Any CPU.Build.0 = Release|Any CPU
	EndGlobalSection
	GlobalSection(SolutionProperties) = preSolution
		HideSolutionNode = FALSE
	EndGlobalSection
	GlobalSection(ExtensibilityGlobals) = postSolution
		SolutionGuid = {B0D8D50D-21EB-43CD-839A-3FE2E705FC88}
	EndGlobalSection
EndGlobal
