Microsoft Visual Studio Solution File, Format Version 12.00
# Visual Studio Version 17
VisualStudioVersion = 17.5.2.0
MinimumVisualStudioVersion = 10.0.40219.1
Project("{FAE04EC0-301F-11D3-BF4B-00C04F79EFBC}") = "YK_DAQ20081_ReadCH1Voltage", "YK_DAQ20081_ReadCH1Voltage.csproj", "{160A682A-7027-0BAE-06CE-2EE094E72FAD}"
EndProject
Global
	GlobalSection(SolutionConfigurationPlatforms) = preSolution
		Debug|Any CPU = Debug|Any CPU
		Release|Any CPU = Release|Any CPU
	EndGlobalSection
	GlobalSection(ProjectConfigurationPlatforms) = postSolution
		{160A682A-7027-0BAE-06CE-2EE094E72FAD}.Debug|Any CPU.ActiveCfg = Debug|Any CPU
		{160A682A-7027-0BAE-06CE-2EE094E72FAD}.Debug|Any CPU.Build.0 = Debug|Any CPU
		{160A682A-7027-0BAE-06CE-2EE094E72FAD}.Release|Any CPU.ActiveCfg = Release|Any CPU
		{160A682A-7027-0BAE-06CE-2EE094E72FAD}.Release|Any CPU.Build.0 = Release|Any CPU
	EndGlobalSection
	GlobalSection(SolutionProperties) = preSolution
		HideSolutionNode = FALSE
	EndGlobalSection
	GlobalSection(ExtensibilityGlobals) = postSolution
		SolutionGuid = {F8792CA8-3F5C-4997-A0D5-DFD038970BE9}
	EndGlobalSection
EndGlobal
